<?xml version="1.0" encoding="utf-8"?>
<Project ToolsVersion="4.0" xmlns="http://schemas.microsoft.com/developer/msbuild/2003">
  <ItemGroup>
    <Filter Include="Source Files">
      <UniqueIdentifier>{173f55eb-18a4-4009-9a84-c69104a16bf0}</UniqueIdentifier>
      <Extensions>cpp;c;cxx;rc;def;r;odl;idl;hpj;bat</Extensions>
    </Filter>
    <Filter Include="Header Files">
      <UniqueIdentifier>{eb6fd94c-25fa-4a4c-8edd-38619796cd41}</UniqueIdentifier>
      <Extensions>h;hpp;hxx;hm;inl</Extensions>
    </Filter>
    <Filter Include="Resource Files">
      <UniqueIdentifier>{9ed3a943-9822-41b0-b072-8755149b9cbc}</UniqueIdentifier>
      <Extensions>ico;cur;bmp;dlg;rc2;rct;bin;rgs;gif;jpg;jpeg;jpe</Extensions>
    </Filter>
  </ItemGroup>
  <ItemGroup>
    <ClCompile Include="IPS_JOB_CfgFile.cpp">
      <Filter>Source Files</Filter>
    </ClCompile>
    <ClCompile Include="IPS_PM_CfgFile.cpp">
      <Filter>Source Files</Filter>
    </ClCompile>
    <ClCompile Include="IPS_PM_Monitor.cpp">
      <Filter>Source Files</Filter>
    </ClCompile>
    <ClCompile Include="IPS_SCH_EVENT.cpp">
      <Filter>Source Files</Filter>
    </ClCompile>
    <ClCompile Include="IPS_SIM_DATA.cpp">
      <Filter>Source Files</Filter>
    </ClCompile>
    <ClCompile Include="IPS_SIM_DATA_Controller.cpp">
      <Filter>Source Files</Filter>
    </ClCompile>
    <ClCompile Include="IPS_SIM_File.cpp">
      <Filter>Source Files</Filter>
    </ClCompile>
    <ClCompile Include="IPS_SIM_PM_DATA.cpp">
      <Filter>Source Files</Filter>
    </ClCompile>
    <ClCompile Include="Sequence.cpp">
      <Filter>Source Files</Filter>
    </ClCompile>
  </ItemGroup>
  <ItemGroup>
    <ClInclude Include="IPS_JOB_CfgFile.h">
      <Filter>Header Files</Filter>
    </ClInclude>
    <ClInclude Include="IPS_PM_CfgFile.h">
      <Filter>Header Files</Filter>
    </ClInclude>
    <ClInclude Include="IPS_PM_Monitor.h">
      <Filter>Header Files</Filter>
    </ClInclude>
    <ClInclude Include="IPS_SCH_EVENT.h">
      <Filter>Header Files</Filter>
    </ClInclude>
    <ClInclude Include="IPS_SIM_DATA.h">
      <Filter>Header Files</Filter>
    </ClInclude>
    <ClInclude Include="IPS_SIM_DATA_Controller.h">
      <Filter>Header Files</Filter>
    </ClInclude>
    <ClInclude Include="IPS_SIM_File.h">
      <Filter>Header Files</Filter>
    </ClInclude>
    <ClInclude Include="IPS_SIM_PM_DATA.h">
      <Filter>Header Files</Filter>
    </ClInclude>
    <ClInclude Include="Parameter.h">
      <Filter>Header Files</Filter>
    </ClInclude>
    <ClInclude Include="Sequence.h">
      <Filter>Header Files</Filter>
    </ClInclude>
  </ItemGroup>
</Project>